
Microsoft Visual Studio Solution File, Format Version 12.00
# Visual Studio Version 17
VisualStudioVersion = 17.4.33205.214
MinimumVisualStudioVersion = 10.0.40219.1
Project("{9A19103F-16F7-4668-BE54-9A1E7A4F7556}") = "AppPars", "AppPars\AppPars.csproj", "{1B5FB37D-A993-47A1-B846-98A6BF8FD9B5}"
EndProject
Global
	GlobalSection(SolutionConfigurationPlatforms) = preSolution
		Debug|Any CPU = Debug|Any CPU
		Release|Any CPU = Release|Any CPU
	EndGlobalSection
	GlobalSection(ProjectConfigurationPlatforms) = postSolution
		{1B5FB37D-A993-47A1-B846-98A6BF8FD9B5}.Debug|Any CPU.ActiveCfg = Debug|Any CPU
		{1B5FB37D-A993-47A1-B846-98A6BF8FD9B5}.Debug|Any CPU.Build.0 = Debug|Any CPU
		{1B5FB37D-A993-47A1-B846-98A6BF8FD9B5}.Release|Any CPU.ActiveCfg = Release|Any CPU
		{1B5FB37D-A993-47A1-B846-98A6BF8FD9B5}.Release|Any CPU.Build.0 = Release|Any CPU
	EndGlobalSection
	GlobalSection(SolutionProperties) = preSolution
		HideSolutionNode = FALSE
	EndGlobalSection
	GlobalSection(ExtensibilityGlobals) = postSolution
		SolutionGuid = {73CF6F90-7164-42A9-9CB2-229C3E8D9B38}
	EndGlobalSection
EndGlobal
